
Microsoft Visual Studio Solution File, Format Version 12.00
# Visual Studio Version 17
VisualStudioVersion = 17.6.33829.357
MinimumVisualStudioVersion = 10.0.40219.1
Project("{9A19103F-16F7-4668-BE54-9A1E7A4F7556}") = "CustomMessageBox.Avalonia", "CustomMessageBox.Avalonia\CustomMessageBox.Avalonia.csproj", "{9B2F7302-5012-4863-8AC3-4B115697A83B}"
EndProject
Project("{9A19103F-16F7-4668-BE54-9A1E7A4F7556}") = "CustomMessageBox.Avalonia.Demo", "CustomMessageBox.Avalonia.Demo\CustomMessageBox.Avalonia.Demo.csproj", "{3DE2E52C-611A-42C0-A940-72ED0C0FC102}"
EndProject
Global
	GlobalSection(SolutionConfigurationPlatforms) = preSolution
		Debug|Any CPU = Debug|Any CPU
		Release|Any CPU = Release|Any CPU
	EndGlobalSection
	GlobalSection(ProjectConfigurationPlatforms) = postSolution
		{9B2F7302-5012-4863-8AC3-4B115697A83B}.Debug|Any CPU.ActiveCfg = Debug|Any CPU
		{9B2F7302-5012-4863-8AC3-4B115697A83B}.Debug|Any CPU.Build.0 = Debug|Any CPU
		{9B2F7302-5012-4863-8AC3-4B115697A83B}.Release|Any CPU.ActiveCfg = Release|Any CPU
		{9B2F7302-5012-4863-8AC3-4B115697A83B}.Release|Any CPU.Build.0 = Release|Any CPU
		{3DE2E52C-611A-42C0-A940-72ED0C0FC102}.Debug|Any CPU.ActiveCfg = Debug|Any CPU
		{3DE2E52C-611A-42C0-A940-72ED0C0FC102}.Debug|Any CPU.Build.0 = Debug|Any CPU
		{3DE2E52C-611A-42C0-A940-72ED0C0FC102}.Release|Any CPU.ActiveCfg = Release|Any CPU
		{3DE2E52C-611A-42C0-A940-72ED0C0FC102}.Release|Any CPU.Build.0 = Release|Any CPU
	EndGlobalSection
	GlobalSection(SolutionProperties) = preSolution
		HideSolutionNode = FALSE
	EndGlobalSection
	GlobalSection(ExtensibilityGlobals) = postSolution
		SolutionGuid = {941757B4-50A0-4876-BDC1-31E903B06806}
	EndGlobalSection
EndGlobal
